// !$*UTF8*$!
{
	archiveVersion = 1;
	classes = {
	};
	objectVersion = 56;
	objects = {

/* Begin PBXBuildFile section */
		035806B228B0AA0B00455BB4 /* PhotoPickerApp.swift in Sources */ = {isa = PBXBuildFile; fileRef = 035806B128B0AA0B00455BB4 /* PhotoPickerApp.swift */; };
		035806B428B0AA0B00455BB4 /* ContentView.swift in Sources */ = {isa = PBXBuildFile; fileRef = 035806B328B0AA0B00455BB4 /* ContentView.swift */; };
		035806B628B0AA0C00455BB4 /* Assets.xcassets in Resources */ = {isa = PBXBuildFile; fileRef = 035806B528B0AA0C00455BB4 /* Assets.xcassets */; };
		035806BA28B0AA0C00455BB4 /* Preview Assets.xcassets in Resources */ = {isa = PBXBuildFile; fileRef = 035806B928B0AA0C00455BB4 /* Preview Assets.xcassets */; };
		035806C428B0AA0C00455BB4 /* PhotoPickerTests.swift in Sources */ = {isa = PBXBuildFile; fileRef = 035806C328B0AA0C00455BB4 /* PhotoPickerTests.swift */; };
		035806CE28B0AA0C00455BB4 /* PhotoPickerUITests.swift in Sources */ = {isa = PBXBuildFile; fileRef = 035806CD28B0AA0C00455BB4 /* PhotoPickerUITests.swift */; };
		035806D028B0AA0C00455BB4 /* PhotoPickerUITestsLaunchTests.swift in Sources */ = {isa = PBXBuildFile; fileRef = 035806CF28B0AA0C00455BB4 /* PhotoPickerUITestsLaunchTests.swift */; };
		035806DF28B0AA3200455BB4 /* Avatar in Frameworks */ = {isa = PBXBuildFile; productRef = 035806DE28B0AA3200455BB4 /* Avatar */; };
/* End PBXBuildFile section */

/* Begin PBXContainerItemProxy section */
		035806C028B0AA0C00455BB4 /* PBXContainerItemProxy */ = {
			isa = PBXContainerItemProxy;
			containerPortal = 035806A628B0AA0B00455BB4 /* Project object */;
			proxyType = 1;
			remoteGlobalIDString = 035806AD28B0AA0B00455BB4;
			remoteInfo = PhotoPicker;
		};
		035806CA28B0AA0C00455BB4 /* PBXContainerItemProxy */ = {
			isa = PBXContainerItemProxy;
			containerPortal = 035806A628B0AA0B00455BB4 /* Project object */;
			proxyType = 1;
			remoteGlobalIDString = 035806AD28B0AA0B00455BB4;
			remoteInfo = PhotoPicker;
		};
/* End PBXContainerItemProxy section */

/* Begin PBXFileReference section */
		035806AE28B0AA0B00455BB4 /* PhotoPicker.app */ = {isa = PBXFileReference; explicitFileType = wrapper.application; includeInIndex = 0; path = PhotoPicker.app; sourceTree = BUILT_PRODUCTS_DIR; };
		035806B128B0AA0B00455BB4 /* PhotoPickerApp.swift */ = {isa = PBXFileReference; lastKnownFileType = sourcecode.swift; path = PhotoPickerApp.swift; sourceTree = "<group>"; };
		035806B328B0AA0B00455BB4 /* ContentView.swift */ = {isa = PBXFileReference; lastKnownFileType = sourcecode.swift; path = ContentView.swift; sourceTree = "<group>"; };
		035806B528B0AA0C00455BB4 /* Assets.xcassets */ = {isa = PBXFileReference; lastKnownFileType = folder.assetcatalog; path = Assets.xcassets; sourceTree = "<group>"; };
		035806B728B0AA0C00455BB4 /* PhotoPicker.entitlements */ = {isa = PBXFileReference; lastKnownFileType = text.plist.entitlements; path = PhotoPicker.entitlements; sourceTree = "<group>"; };
		035806B928B0AA0C00455BB4 /* Preview Assets.xcassets */ = {isa = PBXFileReference; lastKnownFileType = folder.assetcatalog; path = "Preview Assets.xcassets"; sourceTree = "<group>"; };
		035806BF28B0AA0C00455BB4 /* PhotoPickerTests.xctest */ = {isa = PBXFileReference; explicitFileType = wrapper.cfbundle; includeInIndex = 0; path = PhotoPickerTests.xctest; sourceTree = BUILT_PRODUCTS_DIR; };
		035806C328B0AA0C00455BB4 /* PhotoPickerTests.swift */ = {isa = PBXFileReference; lastKnownFileType = sourcecode.swift; path = PhotoPickerTests.swift; sourceTree = "<group>"; };
		035806C928B0AA0C00455BB4 /* PhotoPickerUITests.xctest */ = {isa = PBXFileReference; explicitFileType = wrapper.cfbundle; includeInIndex = 0; path = PhotoPickerUITests.xctest; sourceTree = BUILT_PRODUCTS_DIR; };
		035806CD28B0AA0C00455BB4 /* PhotoPickerUITests.swift */ = {isa = PBXFileReference; lastKnownFileType = sourcecode.swift; path = PhotoPickerUITests.swift; sourceTree = "<group>"; };
		035806CF28B0AA0C00455BB4 /* PhotoPickerUITestsLaunchTests.swift */ = {isa = PBXFileReference; lastKnownFileType = sourcecode.swift; path = PhotoPickerUITestsLaunchTests.swift; sourceTree = "<group>"; };
		035806DC28B0AA2000455BB4 /* Avatar */ = {isa = PBXFileReference; lastKnownFileType = wrapper; name = Avatar; path = ../../Avatar; sourceTree = "<group>"; };
/* End PBXFileReference section */

/* Begin PBXFrameworksBuildPhase section */
		035806AB28B0AA0B00455BB4 /* Frameworks */ = {
			isa = PBXFrameworksBuildPhase;
			buildActionMask = 2147483647;
			files = (
				035806DF28B0AA3200455BB4 /* Avatar in Frameworks */,
			);
			runOnlyForDeploymentPostprocessing = 0;
		};
		035806BC28B0AA0C00455BB4 /* Frameworks */ = {
			isa = PBXFrameworksBuildPhase;
			buildActionMask = 2147483647;
			files = (
			);
			runOnlyForDeploymentPostprocessing = 0;
		};
		035806C628B0AA0C00455BB4 /* Frameworks */ = {
			isa = PBXFrameworksBuildPhase;
			buildActionMask = 2147483647;
			files = (
			);
			runOnlyForDeploymentPostprocessing = 0;
		};
/* End PBXFrameworksBuildPhase section */

/* Begin PBXGroup section */
		035806A528B0AA0B00455BB4 = {
			isa = PBXGroup;
			children = (
				035806B028B0AA0B00455BB4 /* PhotoPicker */,
				035806C228B0AA0C00455BB4 /* PhotoPickerTests */,
				035806CC28B0AA0C00455BB4 /* PhotoPickerUITests */,
				035806AF28B0AA0B00455BB4 /* Products */,
				035806DD28B0AA3200455BB4 /* Frameworks */,
			);
			sourceTree = "<group>";
		};
		035806AF28B0AA0B00455BB4 /* Products */ = {
			isa = PBXGroup;
			children = (
				035806AE28B0AA0B00455BB4 /* PhotoPicker.app */,
				035806BF28B0AA0C00455BB4 /* PhotoPickerTests.xctest */,
				035806C928B0AA0C00455BB4 /* PhotoPickerUITests.xctest */,
			);
			name = Products;
			sourceTree = "<group>";
		};
		035806B028B0AA0B00455BB4 /* PhotoPicker */ = {
			isa = PBXGroup;
			children = (
				035806DC28B0AA2000455BB4 /* Avatar */,
				035806B128B0AA0B00455BB4 /* PhotoPickerApp.swift */,
				035806B328B0AA0B00455BB4 /* ContentView.swift */,
				035806B528B0AA0C00455BB4 /* Assets.xcassets */,
				035806B728B0AA0C00455BB4 /* PhotoPicker.entitlements */,
				035806B828B0AA0C00455BB4 /* Preview Content */,
			);
			path = PhotoPicker;
			sourceTree = "<group>";
		};
		035806B828B0AA0C00455BB4 /* Preview Content */ = {
			isa = PBXGroup;
			children = (
				035806B928B0AA0C00455BB4 /* Preview Assets.xcassets */,
			);
			path = "Preview Content";
			sourceTree = "<group>";
		};
		035806C228B0AA0C00455BB4 /* PhotoPickerTests */ = {
			isa = PBXGroup;
			children = (
				035806C328B0AA0C00455BB4 /* PhotoPickerTests.swift */,
			);
			path = PhotoPickerTests;
			sourceTree = "<group>";
		};
		035806CC28B0AA0C00455BB4 /* PhotoPickerUITests */ = {
			isa = PBXGroup;
			children = (
				035806CD28B0AA0C00455BB4 /* PhotoPickerUITests.swift */,
				035806CF28B0AA0C00455BB4 /* PhotoPickerUITestsLaunchTests.swift */,
			);
			path = PhotoPickerUITests;
			sourceTree = "<group>";
		};
		035806DD28B0AA3200455BB4 /* Frameworks */ = {
			isa = PBXGroup;
			children = (
			);
			name = Frameworks;
			sourceTree = "<group>";
		};
/* End PBXGroup section */

/* Begin PBXNativeTarget section */
		035806AD28B0AA0B00455BB4 /* PhotoPicker */ = {
			isa = PBXNativeTarget;
			buildConfigurationList = 035806D328B0AA0C00455BB4 /* Build configuration list for PBXNativeTarget "PhotoPicker" */;
			buildPhases = (
				035806AA28B0AA0B00455BB4 /* Sources */,
				035806AB28B0AA0B00455BB4 /* Frameworks */,
				035806AC28B0AA0B00455BB4 /* Resources */,
			);
			buildRules = (
			);
			dependencies = (
			);
			name = PhotoPicker;
			packageProductDependencies = (
				035806DE28B0AA3200455BB4 /* Avatar */,
			);
			productName = PhotoPicker;
			productReference = 035806AE28B0AA0B00455BB4 /* PhotoPicker.app */;
			productType = "com.apple.product-type.application";
		};
		035806BE28B0AA0C00455BB4 /* PhotoPickerTests */ = {
			isa = PBXNativeTarget;
			buildConfigurationList = 035806D628B0AA0C00455BB4 /* Build configuration list for PBXNativeTarget "PhotoPickerTests" */;
			buildPhases = (
				035806BB28B0AA0C00455BB4 /* Sources */,
				035806BC28B0AA0C00455BB4 /* Frameworks */,
				035806BD28B0AA0C00455BB4 /* Resources */,
			);
			buildRules = (
			);
			dependencies = (
				035806C128B0AA0C00455BB4 /* PBXTargetDependency */,
			);
			name = PhotoPickerTests;
			productName = PhotoPickerTests;
			productReference = 035806BF28B0AA0C00455BB4 /* PhotoPickerTests.xctest */;
			productType = "com.apple.product-type.bundle.unit-test";
		};
		035806C828B0AA0C00455BB4 /* PhotoPickerUITests */ = {
			isa = PBXNativeTarget;
			buildConfigurationList = 035806D928B0AA0C00455BB4 /* Build configuration list for PBXNativeTarget "PhotoPickerUITests" */;
			buildPhases = (
				035806C528B0AA0C00455BB4 /* Sources */,
				035806C628B0AA0C00455BB4 /* Frameworks */,
				035806C728B0AA0C00455BB4 /* Resources */,
			);
			buildRules = (
			);
			dependencies = (
				035806CB28B0AA0C00455BB4 /* PBXTargetDependency */,
			);
			name = PhotoPickerUITests;
			productName = PhotoPickerUITests;
			productReference = 035806C928B0AA0C00455BB4 /* PhotoPickerUITests.xctest */;
			productType = "com.apple.product-type.bundle.ui-testing";
		};
/* End PBXNativeTarget section */

/* Begin PBXProject section */
		035806A628B0AA0B00455BB4 /* Project object */ = {
			isa = PBXProject;
			attributes = {
				BuildIndependentTargetsInParallel = 1;
				LastSwiftUpdateCheck = 1400;
				LastUpgradeCheck = 1400;
				TargetAttributes = {
					035806AD28B0AA0B00455BB4 = {
						CreatedOnToolsVersion = 14.0;
					};
					035806BE28B0AA0C00455BB4 = {
						CreatedOnToolsVersion = 14.0;
						TestTargetID = 035806AD28B0AA0B00455BB4;
					};
					035806C828B0AA0C00455BB4 = {
						CreatedOnToolsVersion = 14.0;
						TestTargetID = 035806AD28B0AA0B00455BB4;
					};
				};
			};
			buildConfigurationList = 035806A928B0AA0B00455BB4 /* Build configuration list for PBXProject "PhotoPicker" */;
			compatibilityVersion = "Xcode 14.0";
			developmentRegion = en;
			hasScannedForEncodings = 0;
			knownRegions = (
				en,
				Base,
			);
			mainGroup = 035806A528B0AA0B00455BB4;
			productRefGroup = 035806AF28B0AA0B00455BB4 /* Products */;
			projectDirPath = "";
			projectRoot = "";
			targets = (
				035806AD28B0AA0B00455BB4 /* PhotoPicker */,
				035806BE28B0AA0C00455BB4 /* PhotoPickerTests */,
				035806C828B0AA0C00455BB4 /* PhotoPickerUITests */,
			);
		};
/* End PBXProject section */

/* Begin PBXResourcesBuildPhase section */
		035806AC28B0AA0B00455BB4 /* Resources */ = {
			isa = PBXResourcesBuildPhase;
			buildActionMask = 2147483647;
			files = (
				035806BA28B0AA0C00455BB4 /* Preview Assets.xcassets in Resources */,
				035806B628B0AA0C00455BB4 /* Assets.xcassets in Resources */,
			);
			runOnlyForDeploymentPostprocessing = 0;
		};
		035806BD28B0AA0C00455BB4 /* Resources */ = {
			isa = PBXResourcesBuildPhase;
			buildActionMask = 2147483647;
			files = (
			);
			runOnlyForDeploymentPostprocessing = 0;
		};
		035806C728B0AA0C00455BB4 /* Resources */ = {
			isa = PBXResourcesBuildPhase;
			buildActionMask = 2147483647;
			files = (
			);
			runOnlyForDeploymentPostprocessing = 0;
		};
/* End PBXResourcesBuildPhase section */

/* Begin PBXSourcesBuildPhase section */
		035806AA28B0AA0B00455BB4 /* Sources */ = {
			isa = PBXSourcesBuildPhase;
			buildActionMask = 2147483647;
			files = (
				035806B428B0AA0B00455BB4 /* ContentView.swift in Sources */,
				035806B228B0AA0B00455BB4 /* PhotoPickerApp.swift in Sources */,
			);
			runOnlyForDeploymentPostprocessing = 0;
		};
		035806BB28B0AA0C00455BB4 /* Sources */ = {
			isa = PBXSourcesBuildPhase;
			buildActionMask = 2147483647;
			files = (
				035806C428B0AA0C00455BB4 /* PhotoPickerTests.swift in Sources */,
			);
			runOnlyForDeploymentPostprocessing = 0;
		};
		035806C528B0AA0C00455BB4 /* Sources */ = {
			isa = PBXSourcesBuildPhase;
			buildActionMask = 2147483647;
			files = (
				035806CE28B0AA0C00455BB4 /* PhotoPickerUITests.swift in Sources */,
				035806D028B0AA0C00455BB4 /* PhotoPickerUITestsLaunchTests.swift in Sources */,
			);
			runOnlyForDeploymentPostprocessing = 0;
		};
/* End PBXSourcesBuildPhase section */

/* Begin PBXTargetDependency section */
		035806C128B0AA0C00455BB4 /* PBXTargetDependency */ = {
			isa = PBXTargetDependency;
			target = 035806AD28B0AA0B00455BB4 /* PhotoPicker */;
			targetProxy = 035806C028B0AA0C00455BB4 /* PBXContainerItemProxy */;
		};
		035806CB28B0AA0C00455BB4 /* PBXTargetDependency */ = {
			isa = PBXTargetDependency;
			target = 035806AD28B0AA0B00455BB4 /* PhotoPicker */;
			targetProxy = 035806CA28B0AA0C00455BB4 /* PBXContainerItemProxy */;
		};
/* End PBXTargetDependency section */

/* Begin XCBuildConfiguration section */
		035806D128B0AA0C00455BB4 /* Debug */ = {
			isa = XCBuildConfiguration;
			buildSettings = {
				ALWAYS_SEARCH_USER_PATHS = NO;
				CLANG_ANALYZER_NONNULL = YES;
				CLANG_ANALYZER_NUMBER_OBJECT_CONVERSION = YES_AGGRESSIVE;
				CLANG_CXX_LANGUAGE_STANDARD = "gnu++20";
				CLANG_ENABLE_MODULES = YES;
				CLANG_ENABLE_OBJC_ARC = YES;
				CLANG_ENABLE_OBJC_WEAK = YES;
				CLANG_WARN_BLOCK_CAPTURE_AUTORELEASING = YES;
				CLANG_WARN_BOOL_CONVERSION = YES;
				CLANG_WARN_COMMA = YES;
				CLANG_WARN_CONSTANT_CONVERSION = YES;
				CLANG_WARN_DEPRECATED_OBJC_IMPLEMENTATIONS = YES;
				CLANG_WARN_DIRECT_OBJC_ISA_USAGE = YES_ERROR;
				CLANG_WARN_DOCUMENTATION_COMMENTS = YES;
				CLANG_WARN_EMPTY_BODY = YES;
				CLANG_WARN_ENUM_CONVERSION = YES;
				CLANG_WARN_INFINITE_RECURSION = YES;
				CLANG_WARN_INT_CONVERSION = YES;
				CLANG_WARN_NON_LITERAL_NULL_CONVERSION = YES;
				CLANG_WARN_OBJC_IMPLICIT_RETAIN_SELF = YES;
				CLANG_WARN_OBJC_LITERAL_CONVERSION = YES;
				CLANG_WARN_OBJC_ROOT_CLASS = YES_ERROR;
				CLANG_WARN_QUOTED_INCLUDE_IN_FRAMEWORK_HEADER = YES;
				CLANG_WARN_RANGE_LOOP_ANALYSIS = YES;
				CLANG_WARN_STRICT_PROTOTYPES = YES;
				CLANG_WARN_SUSPICIOUS_MOVE = YES;
				CLANG_WARN_UNGUARDED_AVAILABILITY = YES_AGGRESSIVE;
				CLANG_WARN_UNREACHABLE_CODE = YES;
				CLANG_WARN__DUPLICATE_METHOD_MATCH = YES;
				COPY_PHASE_STRIP = NO;
				DEBUG_INFORMATION_FORMAT = dwarf;
				ENABLE_STRICT_OBJC_MSGSEND = YES;
				ENABLE_TESTABILITY = YES;
				GCC_C_LANGUAGE_STANDARD = gnu11;
				GCC_DYNAMIC_NO_PIC = NO;
				GCC_NO_COMMON_BLOCKS = YES;
				GCC_OPTIMIZATION_LEVEL = 0;
				GCC_PREPROCESSOR_DEFINITIONS = (
					"DEBUG=1",
					"$(inherited)",
				);
				GCC_WARN_64_TO_32_BIT_CONVERSION = YES;
				GCC_WARN_ABOUT_RETURN_TYPE = YES_ERROR;
				GCC_WARN_UNDECLARED_SELECTOR = YES;
				GCC_WARN_UNINITIALIZED_AUTOS = YES_AGGRESSIVE;
				GCC_WARN_UNUSED_FUNCTION = YES;
				GCC_WARN_UNUSED_VARIABLE = YES;
				MTL_ENABLE_DEBUG_INFO = INCLUDE_SOURCE;
				MTL_FAST_MATH = YES;
				ONLY_ACTIVE_ARCH = YES;
				SWIFT_ACTIVE_COMPILATION_CONDITIONS = DEBUG;
				SWIFT_OPTIMIZATION_LEVEL = "-Onone";
			};
			name = Debug;
		};
		035806D228B0AA0C00455BB4 /* Release */ = {
			isa = XCBuildConfiguration;
			buildSettings = {
				ALWAYS_SEARCH_USER_PATHS = NO;
				CLANG_ANALYZER_NONNULL = YES;
				CLANG_ANALYZER_NUMBER_OBJECT_CONVERSION = YES_AGGRESSIVE;
				CLANG_CXX_LANGUAGE_STANDARD = "gnu++20";
				CLANG_ENABLE_MODULES = YES;
				CLANG_ENABLE_OBJC_ARC = YES;
				CLANG_ENABLE_OBJC_WEAK = YES;
				CLANG_WARN_BLOCK_CAPTURE_AUTORELEASING = YES;
				CLANG_WARN_BOOL_CONVERSION = YES;
				CLANG_WARN_COMMA = YES;
				CLANG_WARN_CONSTANT_CONVERSION = YES;
				CLANG_WARN_DEPRECATED_OBJC_IMPLEMENTATIONS = YES;
				CLANG_WARN_DIRECT_OBJC_ISA_USAGE = YES_ERROR;
				CLANG_WARN_DOCUMENTATION_COMMENTS = YES;
				CLANG_WARN_EMPTY_BODY = YES;
				CLANG_WARN_ENUM_CONVERSION = YES;
				CLANG_WARN_INFINITE_RECURSION = YES;
				CLANG_WARN_INT_CONVERSION = YES;
				CLANG_WARN_NON_LITERAL_NULL_CONVERSION = YES;
				CLANG_WARN_OBJC_IMPLICIT_RETAIN_SELF = YES;
				CLANG_WARN_OBJC_LITERAL_CONVERSION = YES;
				CLANG_WARN_OBJC_ROOT_CLASS = YES_ERROR;
				CLANG_WARN_QUOTED_INCLUDE_IN_FRAMEWORK_HEADER = YES;
				CLANG_WARN_RANGE_LOOP_ANALYSIS = YES;
				CLANG_WARN_STRICT_PROTOTYPES = YES;
				CLANG_WARN_SUSPICIOUS_MOVE = YES;
				CLANG_WARN_UNGUARDED_AVAILABILITY = YES_AGGRESSIVE;
				CLANG_WARN_UNREACHABLE_CODE = YES;
				CLANG_WARN__DUPLICATE_METHOD_MATCH = YES;
				COPY_PHASE_STRIP = NO;
				DEBUG_INFORMATION_FORMAT = "dwarf-with-dsym";
				ENABLE_NS_ASSERTIONS = NO;
				ENABLE_STRICT_OBJC_MSGSEND = YES;
				GCC_C_LANGUAGE_STANDARD = gnu11;
				GCC_NO_COMMON_BLOCKS = YES;
				GCC_WARN_64_TO_32_BIT_CONVERSION = YES;
				GCC_WARN_ABOUT_RETURN_TYPE = YES_ERROR;
				GCC_WARN_UNDECLARED_SELECTOR = YES;
				GCC_WARN_UNINITIALIZED_AUTOS = YES_AGGRESSIVE;
				GCC_WARN_UNUSED_FUNCTION = YES;
				GCC_WARN_UNUSED_VARIABLE = YES;
				MTL_ENABLE_DEBUG_INFO = NO;
				MTL_FAST_MATH = YES;
				SWIFT_COMPILATION_MODE = wholemodule;
				SWIFT_OPTIMIZATION_LEVEL = "-O";
			};
			name = Release;
		};
		035806D428B0AA0C00455BB4 /* Debug */ = {
			isa = XCBuildConfiguration;
			buildSettings = {
				ASSETCATALOG_COMPILER_APPICON_NAME = AppIcon;
				ASSETCATALOG_COMPILER_GLOBAL_ACCENT_COLOR_NAME = AccentColor;
				CODE_SIGN_ENTITLEMENTS = PhotoPicker/PhotoPicker.entitlements;
				CODE_SIGN_STYLE = Automatic;
				CURRENT_PROJECT_VERSION = 1;
				DEVELOPMENT_ASSET_PATHS = "\"PhotoPicker/Preview Content\"";
				DEVELOPMENT_TEAM = L4WMJSL77G;
				ENABLE_HARDENED_RUNTIME = YES;
				ENABLE_PREVIEWS = YES;
				GENERATE_INFOPLIST_FILE = YES;
				"INFOPLIST_KEY_UIApplicationSceneManifest_Generation[sdk=iphoneos*]" = YES;
				"INFOPLIST_KEY_UIApplicationSceneManifest_Generation[sdk=iphonesimulator*]" = YES;
				"INFOPLIST_KEY_UIApplicationSupportsIndirectInputEvents[sdk=iphoneos*]" = YES;
				"INFOPLIST_KEY_UIApplicationSupportsIndirectInputEvents[sdk=iphonesimulator*]" = YES;
				"INFOPLIST_KEY_UILaunchScreen_Generation[sdk=iphoneos*]" = YES;
				"INFOPLIST_KEY_UILaunchScreen_Generation[sdk=iphonesimulator*]" = YES;
				"INFOPLIST_KEY_UIStatusBarStyle[sdk=iphoneos*]" = UIStatusBarStyleDefault;
				"INFOPLIST_KEY_UIStatusBarStyle[sdk=iphonesimulator*]" = UIStatusBarStyleDefault;
				INFOPLIST_KEY_UISupportedInterfaceOrientations_iPad = "UIInterfaceOrientationPortrait UIInterfaceOrientationPortraitUpsideDown UIInterfaceOrientationLandscapeLeft UIInterfaceOrientationLandscapeRight";
				INFOPLIST_KEY_UISupportedInterfaceOrientations_iPhone = "UIInterfaceOrientationPortrait UIInterfaceOrientationLandscapeLeft UIInterfaceOrientationLandscapeRight";
				IPHONEOS_DEPLOYMENT_TARGET = 16.0;
				LD_RUNPATH_SEARCH_PATHS = "@executable_path/Frameworks";
				"LD_RUNPATH_SEARCH_PATHS[sdk=macosx*]" = "@executable_path/../Frameworks";
				MACOSX_DEPLOYMENT_TARGET = 13.0;
				MARKETING_VERSION = 1.0;
				PRODUCT_BUNDLE_IDENTIFIER = com.josh.PhotoPicker;
				PRODUCT_NAME = "$(TARGET_NAME)";
				SDKROOT = auto;
				SUPPORTED_PLATFORMS = "iphoneos iphonesimulator";
				SUPPORTS_MACCATALYST = YES;
				SUPPORTS_MAC_DESIGNED_FOR_IPHONE_IPAD = NO;
				SWIFT_EMIT_LOC_STRINGS = YES;
				SWIFT_VERSION = 5.0;
				TARGETED_DEVICE_FAMILY = "1,2";
			};
			name = Debug;
		};
		035806D528B0AA0C00455BB4 /* Release */ = {
			isa = XCBuildConfiguration;
			buildSettings = {
				ASSETCATALOG_COMPILER_APPICON_NAME = AppIcon;
				ASSETCATALOG_COMPILER_GLOBAL_ACCENT_COLOR_NAME = AccentColor;
				CODE_SIGN_ENTITLEMENTS = PhotoPicker/PhotoPicker.entitlements;
				CODE_SIGN_STYLE = Automatic;
				CURRENT_PROJECT_VERSION = 1;
				DEVELOPMENT_ASSET_PATHS = "\"PhotoPicker/Preview Content\"";
				DEVELOPMENT_TEAM = L4WMJSL77G;
				ENABLE_HARDENED_RUNTIME = YES;
				ENABLE_PREVIEWS = YES;
				GENERATE_INFOPLIST_FILE = YES;
				"INFOPLIST_KEY_UIApplicationSceneManifest_Generation[sdk=iphoneos*]" = YES;
				"INFOPLIST_KEY_UIApplicationSceneManifest_Generation[sdk=iphonesimulator*]" = YES;
				"INFOPLIST_KEY_UIApplicationSupportsIndirectInputEvents[sdk=iphoneos*]" = YES;
				"INFOPLIST_KEY_UIApplicationSupportsIndirectInputEvents[sdk=iphonesimulator*]" = YES;
				"INFOPLIST_KEY_UILaunchScreen_Generation[sdk=iphoneos*]" = YES;
				"INFOPLIST_KEY_UILaunchScreen_Generation[sdk=iphonesimulator*]" = YES;
				"INFOPLIST_KEY_UIStatusBarStyle[sdk=iphoneos*]" = UIStatusBarStyleDefault;
				"INFOPLIST_KEY_UIStatusBarStyle[sdk=iphonesimulator*]" = UIStatusBarStyleDefault;
				INFOPLIST_KEY_UISupportedInterfaceOrientations_iPad = "UIInterfaceOrientationPortrait UIInterfaceOrientationPortraitUpsideDown UIInterfaceOrientationLandscapeLeft UIInterfaceOrientationLandscapeRight";
				INFOPLIST_KEY_UISupportedInterfaceOrientations_iPhone = "UIInterfaceOrientationPortrait UIInterfaceOrientationLandscapeLeft UIInterfaceOrientationLandscapeRight";
				IPHONEOS_DEPLOYMENT_TARGET = 16.0;
				LD_RUNPATH_SEARCH_PATHS = "@executable_path/Frameworks";
				"LD_RUNPATH_SEARCH_PATHS[sdk=macosx*]" = "@executable_path/../Frameworks";
				MACOSX_DEPLOYMENT_TARGET = 13.0;
				MARKETING_VERSION = 1.0;
				PRODUCT_BUNDLE_IDENTIFIER = com.josh.PhotoPicker;
				PRODUCT_NAME = "$(TARGET_NAME)";
				SDKROOT = auto;
				SUPPORTED_PLATFORMS = "iphoneos iphonesimulator";
				SUPPORTS_MACCATALYST = YES;
				SUPPORTS_MAC_DESIGNED_FOR_IPHONE_IPAD = NO;
				SWIFT_EMIT_LOC_STRINGS = YES;
				SWIFT_VERSION = 5.0;
				TARGETED_DEVICE_FAMILY = "1,2";
			};
			name = Release;
		};
		035806D728B0AA0C00455BB4 /* Debug */ = {
			isa = XCBuildConfiguration;
			buildSettings = {
				ALWAYS_EMBED_SWIFT_STANDARD_LIBRARIES = YES;
				BUNDLE_LOADER = "$(TEST_HOST)";
				CODE_SIGN_STYLE = Automatic;
				CURRENT_PROJECT_VERSION = 1;
				DEVELOPMENT_TEAM = L4WMJSL77G;
				GENERATE_INFOPLIST_FILE = YES;
				IPHONEOS_DEPLOYMENT_TARGET = 16.0;
				MACOSX_DEPLOYMENT_TARGET = 13.0;
				MARKETING_VERSION = 1.0;
				PRODUCT_BUNDLE_IDENTIFIER = com.josh.PhotoPickerTests;
				PRODUCT_NAME = "$(TARGET_NAME)";
				SDKROOT = auto;
				SUPPORTED_PLATFORMS = "iphoneos iphonesimulator macosx";
				SWIFT_EMIT_LOC_STRINGS = NO;
				SWIFT_VERSION = 5.0;
				TARGETED_DEVICE_FAMILY = "1,2";
				TEST_HOST = "$(BUILT_PRODUCTS_DIR)/PhotoPicker.app/$(BUNDLE_EXECUTABLE_FOLDER_PATH)/PhotoPicker";
			};
			name = Debug;
		};
		035806D828B0AA0C00455BB4 /* Release */ = {
			isa = XCBuildConfiguration;
			buildSettings = {
				ALWAYS_EMBED_SWIFT_STANDARD_LIBRARIES = YES;
				BUNDLE_LOADER = "$(TEST_HOST)";
				CODE_SIGN_STYLE = Automatic;
				CURRENT_PROJECT_VERSION = 1;
				DEVELOPMENT_TEAM = L4WMJSL77G;
				GENERATE_INFOPLIST_FILE = YES;
				IPHONEOS_DEPLOYMENT_TARGET = 16.0;
				MACOSX_DEPLOYMENT_TARGET = 13.0;
				MARKETING_VERSION = 1.0;
				PRODUCT_BUNDLE_IDENTIFIER = com.josh.PhotoPickerTests;
				PRODUCT_NAME = "$(TARGET_NAME)";
				SDKROOT = auto;
				SUPPORTED_PLATFORMS = "iphoneos iphonesimulator macosx";
				SWIFT_EMIT_LOC_STRINGS = NO;
				SWIFT_VERSION = 5.0;
				TARGETED_DEVICE_FAMILY = "1,2";
				TEST_HOST = "$(BUILT_PRODUCTS_DIR)/PhotoPicker.app/$(BUNDLE_EXECUTABLE_FOLDER_PATH)/PhotoPicker";
			};
			name = Release;
		};
		035806DA28B0AA0C00455BB4 /* Debug */ = {
			isa = XCBuildConfiguration;
			buildSettings = {
				ALWAYS_EMBED_SWIFT_STANDARD_LIBRARIES = YES;
				CODE_SIGN_STYLE = Automatic;
				CURRENT_PROJECT_VERSION = 1;
				DEVELOPMENT_TEAM = L4WMJSL77G;
				GENERATE_INFOPLIST_FILE = YES;
				IPHONEOS_DEPLOYMENT_TARGET = 16.0;
				MACOSX_DEPLOYMENT_TARGET = 13.0;
				MARKETING_VERSION = 1.0;
				PRODUCT_BUNDLE_IDENTIFIER = com.josh.PhotoPickerUITests;
				PRODUCT_NAME = "$(TARGET_NAME)";
				SDKROOT = auto;
				SUPPORTED_PLATFORMS = "iphoneos iphonesimulator macosx";
				SWIFT_EMIT_LOC_STRINGS = NO;
				SWIFT_VERSION = 5.0;
				TARGETED_DEVICE_FAMILY = "1,2";
				TEST_TARGET_NAME = PhotoPicker;
			};
			name = Debug;
		};
		035806DB28B0AA0C00455BB4 /* Release */ = {
			isa = XCBuildConfiguration;
			buildSettings = {
				ALWAYS_EMBED_SWIFT_STANDARD_LIBRARIES = YES;
				CODE_SIGN_STYLE = Automatic;
				CURRENT_PROJECT_VERSION = 1;
				DEVELOPMENT_TEAM = L4WMJSL77G;
				GENERATE_INFOPLIST_FILE = YES;
				IPHONEOS_DEPLOYMENT_TARGET = 16.0;
				MACOSX_DEPLOYMENT_TARGET = 13.0;
				MARKETING_VERSION = 1.0;
				PRODUCT_BUNDLE_IDENTIFIER = com.josh.PhotoPickerUITests;
				PRODUCT_NAME = "$(TARGET_NAME)";
				SDKROOT = auto;
				SUPPORTED_PLATFORMS = "iphoneos iphonesimulator macosx";
				SWIFT_EMIT_LOC_STRINGS = NO;
				SWIFT_VERSION = 5.0;
				TARGETED_DEVICE_FAMILY = "1,2";
				TEST_TARGET_NAME = PhotoPicker;
			};
			name = Release;
		};
/* End XCBuildConfiguration section */

/* Begin XCConfigurationList section */
		035806A928B0AA0B00455BB4 /* Build configuration list for PBXProject "PhotoPicker" */ = {
			isa = XCConfigurationList;
			buildConfigurations = (
				035806D128B0AA0C00455BB4 /* Debug */,
				035806D228B0AA0C00455BB4 /* Release */,
			);
			defaultConfigurationIsVisible = 0;
			defaultConfigurationName = Release;
		};
		035806D328B0AA0C00455BB4 /* Build configuration list for PBXNativeTarget "PhotoPicker" */ = {
			isa = XCConfigurationList;
			buildConfigurations = (
				035806D428B0AA0C00455BB4 /* Debug */,
				035806D528B0AA0C00455BB4 /* Release */,
			);
			defaultConfigurationIsVisible = 0;
			defaultConfigurationName = Release;
		};
		035806D628B0AA0C00455BB4 /* Build configuration list for PBXNativeTarget "PhotoPickerTests" */ = {
			isa = XCConfigurationList;
			buildConfigurations = (
				035806D728B0AA0C00455BB4 /* Debug */,
				035806D828B0AA0C00455BB4 /* Release */,
			);
			defaultConfigurationIsVisible = 0;
			defaultConfigurationName = Release;
		};
		035806D928B0AA0C00455BB4 /* Build configuration list for PBXNativeTarget "PhotoPickerUITests" */ = {
			isa = XCConfigurationList;
			buildConfigurations = (
				035806DA28B0AA0C00455BB4 /* Debug */,
				035806DB28B0AA0C00455BB4 /* Release */,
			);
			defaultConfigurationIsVisible = 0;
			defaultConfigurationName = Release;
		};
/* End XCConfigurationList section */

/* Begin XCSwiftPackageProductDependency section */
		035806DE28B0AA3200455BB4 /* Avatar */ = {
			isa = XCSwiftPackageProductDependency;
			productName = Avatar;
		};
/* End XCSwiftPackageProductDependency section */
	};
	rootObject = 035806A628B0AA0B00455BB4 /* Project object */;
}
